
Microsoft Visual Studio Solution File, Format Version 12.00
# Visual Studio Version 17
VisualStudioVersion = 17.5.2.0
MinimumVisualStudioVersion = 10.0.40219.1
Project("{2150E333-8FDC-42A3-9474-1A3956D46DE8}") = "servicio-Autenticación", "servicio-Autenticación", "{98E3B593-8839-3CE6-8894-5F6C5A49A6BB}"
EndProject
Project("{FAE04EC0-301F-11D3-BF4B-00C04F79EFBC}") = "ServicioAutenticacion", "servicio-Autenticación\ServicioAutenticacion.csproj", "{67EA0129-7973-C4FC-8E02-A6904811E1CC}"
EndProject
Global
	GlobalSection(SolutionConfigurationPlatforms) = preSolution
		Debug|Any CPU = Debug|Any CPU
		Release|Any CPU = Release|Any CPU
	EndGlobalSection
	GlobalSection(ProjectConfigurationPlatforms) = postSolution
		{67EA0129-7973-C4FC-8E02-A6904811E1CC}.Debug|Any CPU.ActiveCfg = Debug|Any CPU
		{67EA0129-7973-C4FC-8E02-A6904811E1CC}.Debug|Any CPU.Build.0 = Debug|Any CPU
		{67EA0129-7973-C4FC-8E02-A6904811E1CC}.Release|Any CPU.ActiveCfg = Release|Any CPU
		{67EA0129-7973-C4FC-8E02-A6904811E1CC}.Release|Any CPU.Build.0 = Release|Any CPU
	EndGlobalSection
	GlobalSection(SolutionProperties) = preSolution
		HideSolutionNode = FALSE
	EndGlobalSection
	GlobalSection(NestedProjects) = preSolution
		{67EA0129-7973-C4FC-8E02-A6904811E1CC} = {98E3B593-8839-3CE6-8894-5F6C5A49A6BB}
	EndGlobalSection
	GlobalSection(ExtensibilityGlobals) = postSolution
		SolutionGuid = {A710F5E8-5D36-42B9-97B8-BD8F81BA2D3E}
	EndGlobalSection
EndGlobal
